<?xml version="1.0" encoding="UTF-8"?>
<Scheme
   version = "1.3">
   <BuildAction>
      <BuildActionEntries>
         <BuildActionEntry
            buildForRunning = "YES">
            <BuildableReference
               BuildableIdentifier = "primary"
               BlueprintIdentifier = "BED554F12B458EE328D1DF74"
               BuildableName = "CommonInterfaceManager"
               BlueprintName = "CommonInterfaceManager"
               ReferencedContainer = "container:CommonInterfaceManager.xcodeproj">
            </BuildableReference>
         </BuildActionEntry>
      </BuildActionEntries>
   </BuildAction>
   <LaunchAction
      useCustomWorkingDirectory = "NO"
      buildConfiguration = "Debug">
      <BuildableProductRunnable>
         <BuildableReference
            BuildableIdentifier = "primary"
            BlueprintIdentifier = "BED554F12B458EE328D1DF74"
            BuildableName = "CommonInterfaceManager"
            BlueprintName = "CommonInterfaceManager"
            ReferencedContainer = "container:CommonInterfaceManager.xcodeproj">
         </BuildableReference>
      </BuildableProductRunnable>
   </LaunchAction>
</Scheme>
